{
  "name": "@photo-studio/server",
  "version": "0.0.1",
  "lockfileVersion": 3,
  "requires": true,
  "packages": {
    "": {
      "name": "@photo-studio/server",
      "version": "0.0.1",
      "license": "ISC",
      "dependencies": {
        "@nestjs/common": "^10.0.0",
        "@nestjs/config": "^4.0.1",
        "@nestjs/core": "^10.0.0",
        "@nestjs/jwt": "^11.0.0",
        "@nestjs/passport": "10.0.3",
        "@nestjs/platform-express": "^10.0.0",
        "@nestjs/swagger": "^7.0.0",
        "@prisma/client": "5.22.0",
        "bcryptjs": "^3.0.2",
        "class-transformer": "^0.5.1",
        "class-validator": "^0.14.1",
        "passport": "0.7.0",
        "passport-jwt": "4.0.1",
        "prisma": "5.22.0"
      },
      "devDependencies": {
        "@nestjs/cli": "^10.0.0",
        "@nestjs/schematics": "^10.0.0",
        "@swc/cli": "^0.1.65",
        "@swc/core": "^1.11.11",
        "@types/bcryptjs": "^3.0.0",
        "@types/express": "^4.17.17",
        "@types/node": "^20.0.0",
        "@types/passport": "1.0.16",
        "@types/passport-jwt": "4.0.1",
        "rimraf": "^5.0.1",
        "ts-loader": "^9.4.0",
        "typescript": "^5.0.0",
        "webpack": "^5.0.0"
      }
    },
    "../../node_modules/.pnpm/@nestjs+cli@10.4.9_@swc+cli@0.1.65_@swc+core@1.11.11_chokidar@3.6.0__@swc+core@1.11.11/node_modules/@nestjs/cli": {
      "version": "10.4.9",
      "dev": true,
      "license": "MIT",
      "dependencies": {
        "@angular-devkit/core": "17.3.11",
        "@angular-devkit/schematics": "17.3.11",
        "@angular-devkit/schematics-cli": "17.3.11",
        "@nestjs/schematics": "^10.0.1",
        "chalk": "4.1.2",
        "chokidar": "3.6.0",
        "cli-table3": "0.6.5",
        "commander": "4.1.1",
        "fork-ts-checker-webpack-plugin": "9.0.2",
        "glob": "10.4.5",
        "inquirer": "8.2.6",
        "node-emoji": "1.11.0",
        "ora": "5.4.1",
        "tree-kill": "1.2.2",
        "tsconfig-paths": "4.2.0",
        "tsconfig-paths-webpack-plugin": "4.2.0",
        "typescript": "5.7.2",
        "webpack": "5.97.1",
        "webpack-node-externals": "3.0.0"
      },
      "bin": {
        "nest": "bin/nest.js"
      },
      "devDependencies": {
        "@commitlint/cli": "19.6.0",
        "@commitlint/config-angular": "19.6.0",
        "@swc/cli": "0.5.2",
        "@swc/core": "1.10.1",
        "@types/inquirer": "9.0.7",
        "@types/jest": "29.5.14",
        "@types/node": "22.10.1",
        "@types/node-emoji": "1.8.2",
        "@types/webpack-node-externals": "3.0.4",
        "@typescript-eslint/eslint-plugin": "8.17.0",
        "@typescript-eslint/parser": "8.17.0",
        "delete-empty": "3.0.0",
        "eslint": "9.16.0",
        "eslint-config-prettier": "9.1.0",
        "gulp": "5.0.0",
        "gulp-clean": "0.4.0",
        "husky": "9.1.7",
        "jest": "29.7.0",
        "lint-staged": "15.2.10",
        "prettier": "3.4.2",
        "release-it": "17.10.0",
        "ts-jest": "29.2.5",
        "ts-loader": "9.5.1",
        "ts-node": "10.9.2"
      },
      "engines": {
        "node": ">= 16.14"
      },
      "peerDependencies": {
        "@swc/cli": "^0.1.62 || ^0.3.0 || ^0.4.0 || ^0.5.0",
        "@swc/core": "^1.3.62"
      },
      "peerDependenciesMeta": {
        "@swc/cli": {
          "optional": true
        },
        "@swc/core": {
          "optional": true
        }
      }
    },
    "../../node_modules/.pnpm/@nestjs+common@10.4.15_class-transformer@0.5.1_class-validator@0.14.1_reflect-metadata@0.2.2_rxjs@7.8.2/node_modules/@nestjs/common": {
      "version": "10.4.15",
      "license": "MIT",
      "dependencies": {
        "iterare": "1.2.1",
        "tslib": "2.8.1",
        "uid": "2.0.2"
      },
      "funding": {
        "type": "opencollective",
        "url": "https://opencollective.com/nest"
      },
      "peerDependencies": {
        "class-transformer": "*",
        "class-validator": "*",
        "reflect-metadata": "^0.1.12 || ^0.2.0",
        "rxjs": "^7.1.0"
      },
      "peerDependenciesMeta": {
        "class-transformer": {
          "optional": true
        },
        "class-validator": {
          "optional": true
        }
      }
    },
    "../../node_modules/.pnpm/@nestjs+config@4.0.1_@nestjs+common@10.4.15_class-transformer@0.5.1_class-validator@0.1_0c1a34f48edc954327c420bdb415dbac/node_modules/@nestjs/config": {
      "version": "4.0.1",
      "license": "MIT",
      "dependencies": {
        "dotenv": "16.4.7",
        "dotenv-expand": "12.0.1",
        "lodash": "4.17.21"
      },
      "devDependencies": {
        "@commitlint/cli": "19.7.1",
        "@commitlint/config-angular": "19.7.1",
        "@eslint/eslintrc": "3.3.0",
        "@eslint/js": "9.21.0",
        "@nestjs/common": "11.0.11",
        "@nestjs/core": "11.0.11",
        "@nestjs/platform-express": "11.0.11",
        "@nestjs/testing": "11.0.11",
        "@types/jest": "29.5.14",
        "@types/lodash": "4.17.16",
        "@types/node": "22.13.8",
        "eslint": "9.21.0",
        "eslint-config-prettier": "10.0.2",
        "eslint-plugin-prettier": "5.2.3",
        "globals": "16.0.0",
        "husky": "9.1.7",
        "jest": "29.7.0",
        "joi": "17.13.3",
        "lint-staged": "15.4.3",
        "prettier": "3.5.3",
        "reflect-metadata": "0.2.2",
        "release-it": "18.1.2",
        "rimraf": "6.0.1",
        "rxjs": "7.8.2",
        "ts-jest": "29.2.6",
        "typescript": "5.7.3",
        "typescript-eslint": "8.25.0"
      },
      "peerDependencies": {
        "@nestjs/common": "^10.0.0 || ^11.0.0",
        "rxjs": "^7.1.0"
      }
    },
    "../../node_modules/.pnpm/@nestjs+core@10.4.15_@nestjs+common@10.4.15_class-transformer@0.5.1_class-validator@0.1_011a9ec72238b07ee313dfe9e2759191/node_modules/@nestjs/core": {
      "version": "10.4.15",
      "hasInstallScript": true,
      "license": "MIT",
      "dependencies": {
        "@nuxtjs/opencollective": "0.3.2",
        "fast-safe-stringify": "2.1.1",
        "iterare": "1.2.1",
        "path-to-regexp": "3.3.0",
        "tslib": "2.8.1",
        "uid": "2.0.2"
      },
      "devDependencies": {
        "@nestjs/common": "10.4.15"
      },
      "funding": {
        "type": "opencollective",
        "url": "https://opencollective.com/nest"
      },
      "peerDependencies": {
        "@nestjs/common": "^10.0.0",
        "@nestjs/microservices": "^10.0.0",
        "@nestjs/platform-express": "^10.0.0",
        "@nestjs/websockets": "^10.0.0",
        "reflect-metadata": "^0.1.12 || ^0.2.0",
        "rxjs": "^7.1.0"
      },
      "peerDependenciesMeta": {
        "@nestjs/microservices": {
          "optional": true
        },
        "@nestjs/platform-express": {
          "optional": true
        },
        "@nestjs/websockets": {
          "optional": true
        }
      }
    },
    "../../node_modules/.pnpm/@nestjs+jwt@11.0.0_@nestjs+common@10.4.15_class-transformer@0.5.1_class-validator@0.14._54ce83eccb723fe98a8ae808ff23db51/node_modules/@nestjs/jwt": {
      "version": "11.0.0",
      "license": "MIT",
      "dependencies": {
        "@types/jsonwebtoken": "9.0.7",
        "jsonwebtoken": "9.0.2"
      },
      "devDependencies": {
        "@commitlint/cli": "19.6.1",
        "@commitlint/config-angular": "19.7.0",
        "@eslint/eslintrc": "3.2.0",
        "@eslint/js": "9.18.0",
        "@nestjs/common": "11.0.1",
        "@nestjs/core": "11.0.1",
        "@nestjs/testing": "11.0.1",
        "@types/jest": "29.5.14",
        "@types/node": "22.10.7",
        "eslint": "9.18.0",
        "eslint-config-prettier": "10.0.1",
        "eslint-plugin-prettier": "5.2.2",
        "globals": "15.14.0",
        "husky": "9.1.7",
        "jest": "29.7.0",
        "lint-staged": "15.4.1",
        "prettier": "3.4.2",
        "reflect-metadata": "0.2.2",
        "release-it": "18.1.1",
        "rxjs": "7.8.1",
        "ts-jest": "29.2.5",
        "typescript": "5.7.3",
        "typescript-eslint": "8.20.0"
      },
      "peerDependencies": {
        "@nestjs/common": "^8.0.0 || ^9.0.0 || ^10.0.0 || ^11.0.0"
      }
    },
    "../../node_modules/.pnpm/@nestjs+passport@10.0.3_@nestjs+common@10.4.15_class-transformer@0.5.1_class-validator@_1c1d49baaac490b2c0c70cf971c90299/node_modules/@nestjs/passport": {
      "version": "10.0.3",
      "license": "MIT",
      "devDependencies": {
        "@commitlint/cli": "18.4.3",
        "@commitlint/config-angular": "18.4.3",
        "@nestjs/common": "10.2.10",
        "@nestjs/core": "10.2.10",
        "@nestjs/jwt": "10.2.0",
        "@nestjs/platform-express": "10.2.10",
        "@nestjs/testing": "10.2.10",
        "@types/jest": "29.5.10",
        "@types/node": "20.10.3",
        "@types/passport": "1.0.16",
        "@types/passport-jwt": "3.0.13",
        "@types/passport-local": "1.0.38",
        "@typescript-eslint/eslint-plugin": "6.13.1",
        "@typescript-eslint/parser": "6.13.1",
        "eslint": "8.55.0",
        "eslint-config-prettier": "9.1.0",
        "eslint-plugin-import": "2.29.0",
        "husky": "8.0.3",
        "jest": "29.7.0",
        "lint-staged": "15.2.0",
        "pactum": "3.5.1",
        "passport": "0.7.0",
        "passport-jwt": "4.0.1",
        "passport-local": "1.0.0",
        "prettier": "3.1.0",
        "reflect-metadata": "0.1.13",
        "release-it": "17.0.0",
        "rimraf": "5.0.5",
        "rxjs": "7.8.1",
        "ts-jest": "29.1.1",
        "typescript": "5.3.2"
      },
      "peerDependencies": {
        "@nestjs/common": "^8.0.0 || ^9.0.0 || ^10.0.0",
        "passport": "^0.4.0 || ^0.5.0 || ^0.6.0 || ^0.7.0"
      }
    },
    "../../node_modules/.pnpm/@nestjs+platform-express@10.4.15_@nestjs+common@10.4.15_class-transformer@0.5.1_class-v_ec975b251ce494a4f18e8493b4820df0/node_modules/@nestjs/platform-express": {
      "version": "10.4.15",
      "license": "MIT",
      "dependencies": {
        "body-parser": "1.20.3",
        "cors": "2.8.5",
        "express": "4.21.2",
        "multer": "1.4.4-lts.1",
        "tslib": "2.8.1"
      },
      "devDependencies": {
        "@nestjs/common": "10.4.15",
        "@nestjs/core": "10.4.15"
      },
      "funding": {
        "type": "opencollective",
        "url": "https://opencollective.com/nest"
      },
      "peerDependencies": {
        "@nestjs/common": "^10.0.0",
        "@nestjs/core": "^10.0.0"
      }
    },
    "../../node_modules/.pnpm/@nestjs+schematics@10.2.3_chokidar@3.6.0_typescript@5.8.2/node_modules/@nestjs/schematics": {
      "version": "10.2.3",
      "dev": true,
      "license": "MIT",
      "dependencies": {
        "@angular-devkit/core": "17.3.11",
        "@angular-devkit/schematics": "17.3.11",
        "comment-json": "4.2.5",
        "jsonc-parser": "3.3.1",
        "pluralize": "8.0.0"
      },
      "devDependencies": {
        "@commitlint/cli": "19.5.0",
        "@commitlint/config-angular": "19.5.0",
        "@types/jest": "29.5.14",
        "@types/node": "20.17.1",
        "@typescript-eslint/eslint-plugin": "8.11.0",
        "@typescript-eslint/parser": "8.11.0",
        "cpx2": "8.0.0",
        "eslint": "9.13.0",
        "eslint-config-prettier": "9.1.0",
        "eslint-plugin-import": "2.31.0",
        "gulp": "5.0.0",
        "gulp-clean": "0.4.0",
        "husky": "9.1.6",
        "jest": "29.7.0",
        "nyc": "17.1.0",
        "release-it": "17.10.0",
        "ts-jest": "29.2.5",
        "ts-node": "10.9.2",
        "typescript": "5.6.3"
      },
      "peerDependencies": {
        "typescript": ">=4.8.2"
      }
    },
    "../../node_modules/.pnpm/@nestjs+swagger@7.4.2_@nestjs+common@10.4.15_class-transformer@0.5.1_class-validator@0._e7eb8ce6fe523dd1ec1dd1d9aa3ad104/node_modules/@nestjs/swagger": {
      "version": "7.4.2",
      "license": "MIT",
      "dependencies": {
        "@microsoft/tsdoc": "^0.15.0",
        "@nestjs/mapped-types": "2.0.5",
        "js-yaml": "4.1.0",
        "lodash": "4.17.21",
        "path-to-regexp": "3.3.0",
        "swagger-ui-dist": "5.17.14"
      },
      "devDependencies": {
        "@commitlint/cli": "19.5.0",
        "@commitlint/config-angular": "19.5.0",
        "@fastify/static": "7.0.4",
        "@nestjs/common": "10.4.2",
        "@nestjs/core": "10.4.2",
        "@nestjs/platform-express": "10.4.2",
        "@nestjs/platform-fastify": "10.4.2",
        "@types/jest": "29.5.13",
        "@types/js-yaml": "4.0.9",
        "@types/lodash": "4.17.7",
        "@types/node": "20.16.5",
        "@typescript-eslint/eslint-plugin": "8.6.0",
        "@typescript-eslint/parser": "8.6.0",
        "class-transformer": "0.5.1",
        "class-validator": "0.14.1",
        "eslint": "8.57.1",
        "eslint-config-prettier": "9.1.0",
        "eslint-plugin-import": "2.30.0",
        "express": "4.21.0",
        "husky": "9.1.6",
        "jest": "29.7.0",
        "lint-staged": "15.2.10",
        "openapi-types": "12.1.3",
        "prettier": "2.8.8",
        "reflect-metadata": "0.2.2",
        "release-it": "17.6.0",
        "supertest": "7.0.0",
        "swagger-parser": "10.0.3",
        "ts-jest": "29.2.5",
        "typescript": "5.1.6"
      },
      "peerDependencies": {
        "@fastify/static": "^6.0.0 || ^7.0.0",
        "@nestjs/common": "^9.0.0 || ^10.0.0",
        "@nestjs/core": "^9.0.0 || ^10.0.0",
        "class-transformer": "*",
        "class-validator": "*",
        "reflect-metadata": "^0.1.12 || ^0.2.0"
      },
      "peerDependenciesMeta": {
        "@fastify/static": {
          "optional": true
        },
        "class-transformer": {
          "optional": true
        },
        "class-validator": {
          "optional": true
        }
      }
    },
    "../../node_modules/.pnpm/@prisma+client@5.22.0_prisma@5.22.0/node_modules/@prisma/client": {
      "version": "5.22.0",
      "hasInstallScript": true,
      "license": "Apache-2.0",
      "devDependencies": {
        "@cloudflare/workers-types": "4.20240614.0",
        "@codspeed/benchmark.js-plugin": "3.1.1",
        "@faker-js/faker": "8.4.1",
        "@fast-check/jest": "1.8.2",
        "@inquirer/prompts": "5.0.5",
        "@jest/create-cache-key-function": "29.7.0",
        "@jest/globals": "29.7.0",
        "@jest/test-sequencer": "29.7.0",
        "@libsql/client": "0.8.0",
        "@neondatabase/serverless": "0.9.3",
        "@opentelemetry/api": "1.9.0",
        "@opentelemetry/context-async-hooks": "1.25.1",
        "@opentelemetry/instrumentation": "0.52.1",
        "@opentelemetry/resources": "1.25.1",
        "@opentelemetry/sdk-trace-base": "1.25.1",
        "@opentelemetry/semantic-conventions": "1.25.1",
        "@planetscale/database": "1.18.0",
        "@prisma/adapter-d1": "5.22.0",
        "@prisma/adapter-libsql": "5.22.0",
        "@prisma/adapter-neon": "5.22.0",
        "@prisma/adapter-pg": "5.22.0",
        "@prisma/adapter-pg-worker": "5.22.0",
        "@prisma/adapter-planetscale": "5.22.0",
        "@prisma/debug": "5.22.0",
        "@prisma/driver-adapter-utils": "5.22.0",
        "@prisma/engines": "5.22.0",
        "@prisma/engines-version": "5.22.0-44.605197351a3c8bdd595af2d2a9bc3025bca48ea2",
        "@prisma/fetch-engine": "5.22.0",
        "@prisma/generator-helper": "5.22.0",
        "@prisma/get-platform": "5.22.0",
        "@prisma/instrumentation": "5.22.0",
        "@prisma/internals": "5.22.0",
        "@prisma/migrate": "5.22.0",
        "@prisma/mini-proxy": "0.9.5",
        "@prisma/pg-worker": "5.22.0",
        "@prisma/query-engine-wasm": "5.22.0-44.605197351a3c8bdd595af2d2a9bc3025bca48ea2",
        "@snaplet/copycat": "0.17.3",
        "@swc-node/register": "1.10.9",
        "@swc/core": "1.6.13",
        "@swc/jest": "0.2.36",
        "@timsuchanek/copy": "1.4.5",
        "@types/debug": "4.1.12",
        "@types/fs-extra": "9.0.13",
        "@types/jest": "29.5.12",
        "@types/js-levenshtein": "1.1.3",
        "@types/mssql": "9.1.5",
        "@types/node": "18.19.31",
        "@types/pg": "8.11.6",
        "arg": "5.0.2",
        "benchmark": "2.1.4",
        "ci-info": "4.0.0",
        "decimal.js": "10.4.3",
        "detect-runtime": "1.0.4",
        "env-paths": "2.2.1",
        "esbuild": "0.23.0",
        "execa": "5.1.1",
        "expect-type": "0.19.0",
        "flat-map-polyfill": "0.3.8",
        "fs-extra": "11.1.1",
        "get-stream": "6.0.1",
        "globby": "11.1.0",
        "indent-string": "4.0.0",
        "jest": "29.7.0",
        "jest-extended": "4.0.2",
        "jest-junit": "16.0.0",
        "jest-serializer-ansi-escapes": "3.0.0",
        "jest-snapshot": "29.7.0",
        "js-levenshtein": "1.1.6",
        "kleur": "4.1.5",
        "klona": "2.0.6",
        "mariadb": "3.3.1",
        "memfs": "4.9.3",
        "mssql": "11.0.1",
        "new-github-issue-url": "0.2.1",
        "node-fetch": "3.3.2",
        "p-retry": "4.6.2",
        "pg": "8.11.5",
        "pkg-up": "3.1.0",
        "pluralize": "8.0.0",
        "resolve": "1.22.8",
        "rimraf": "3.0.2",
        "simple-statistics": "7.8.5",
        "sort-keys": "4.2.0",
        "source-map-support": "0.5.21",
        "sql-template-tag": "5.2.1",
        "stacktrace-parser": "0.1.10",
        "strip-ansi": "6.0.1",
        "strip-indent": "3.0.0",
        "ts-node": "10.9.2",
        "ts-pattern": "5.2.0",
        "tsd": "0.31.1",
        "typescript": "5.4.5",
        "undici": "5.28.4",
        "wrangler": "3.62.0",
        "zx": "7.2.3"
      },
      "engines": {
        "node": ">=16.13"
      },
      "peerDependencies": {
        "prisma": "*"
      },
      "peerDependenciesMeta": {
        "prisma": {
          "optional": true
        }
      }
    },
    "../../node_modules/.pnpm/@swc+cli@0.1.65_@swc+core@1.11.11_chokidar@3.6.0/node_modules/@swc/cli": {
      "version": "0.1.65",
      "dev": true,
      "license": "MIT",
      "dependencies": {
        "@mole-inc/bin-wrapper": "^8.0.1",
        "commander": "^7.1.0",
        "fast-glob": "^3.2.5",
        "minimatch": "^9.0.3",
        "semver": "^7.3.8",
        "slash": "3.0.0",
        "source-map": "^0.7.3"
      },
      "bin": {
        "spack": "bin/spack.js",
        "swc": "bin/swc.js",
        "swcx": "bin/swcx.js"
      },
      "devDependencies": {
        "@swc/cli": "^0.1.43",
        "@swc/core": "^1.2.66",
        "@swc/jest": "^0.1.2",
        "@types/jest": "^29.5.0",
        "@types/node": "^12.19.16",
        "@types/semver": "^7.3.13",
        "chokidar": "^3.5.1",
        "deepmerge": "^4.2.2",
        "jest": "^29.5.0",
        "nano-staged": "^0.4.5",
        "prettier": "^2.5.1",
        "simple-git-hooks": "^2.7.0",
        "ts-jest": "^29.0.5",
        "typescript": "~4.3.2"
      },
      "engines": {
        "node": ">= 12.13"
      },
      "peerDependencies": {
        "@swc/core": "^1.2.66",
        "chokidar": "^3.5.1"
      },
      "peerDependenciesMeta": {
        "chokidar": {
          "optional": true
        }
      }
    },
    "../../node_modules/.pnpm/@swc+core@1.11.11/node_modules/@swc/core": {
      "version": "1.11.11",
      "dev": true,
      "hasInstallScript": true,
      "license": "Apache-2.0",
      "dependencies": {
        "@swc/counter": "^0.1.3",
        "@swc/types": "^0.1.19"
      },
      "devDependencies": {
        "@napi-rs/cli": "^3.0.0-alpha.43",
        "cross-env": "^7.0.3",
        "jest": "^29.7.0",
        "typescript": "^5.3.3"
      },
      "engines": {
        "node": ">=10"
      },
      "funding": {
        "type": "opencollective",
        "url": "https://opencollective.com/swc"
      },
      "optionalDependencies": {
        "@swc/core-darwin-arm64": "1.11.11",
        "@swc/core-darwin-x64": "1.11.11",
        "@swc/core-linux-arm-gnueabihf": "1.11.11",
        "@swc/core-linux-arm64-gnu": "1.11.11",
        "@swc/core-linux-arm64-musl": "1.11.11",
        "@swc/core-linux-x64-gnu": "1.11.11",
        "@swc/core-linux-x64-musl": "1.11.11",
        "@swc/core-win32-arm64-msvc": "1.11.11",
        "@swc/core-win32-ia32-msvc": "1.11.11",
        "@swc/core-win32-x64-msvc": "1.11.11"
      },
      "peerDependencies": {
        "@swc/helpers": "*"
      },
      "peerDependenciesMeta": {
        "@swc/helpers": {
          "optional": true
        }
      }
    },
    "../../node_modules/.pnpm/@types+bcryptjs@3.0.0/node_modules/@types/bcryptjs": {
      "version": "3.0.0",
      "deprecated": "This is a stub types definition. bcryptjs provides its own type definitions, so you do not need this installed.",
      "dev": true,
      "license": "MIT",
      "dependencies": {
        "bcryptjs": "*"
      }
    },
    "../../node_modules/.pnpm/@types+express@4.17.21/node_modules/@types/express": {
      "version": "4.17.21",
      "dev": true,
      "license": "MIT",
      "dependencies": {
        "@types/body-parser": "*",
        "@types/express-serve-static-core": "^4.17.33",
        "@types/qs": "*",
        "@types/serve-static": "*"
      }
    },
    "../../node_modules/.pnpm/@types+node@20.17.24/node_modules/@types/node": {
      "version": "20.17.24",
      "dev": true,
      "license": "MIT",
      "dependencies": {
        "undici-types": "~6.19.2"
      }
    },
    "../../node_modules/.pnpm/@types+passport-jwt@4.0.1/node_modules/@types/passport-jwt": {
      "version": "4.0.1",
      "dev": true,
      "license": "MIT",
      "dependencies": {
        "@types/jsonwebtoken": "*",
        "@types/passport-strategy": "*"
      }
    },
    "../../node_modules/.pnpm/@types+passport@1.0.16/node_modules/@types/passport": {
      "version": "1.0.16",
      "dev": true,
      "license": "MIT",
      "dependencies": {
        "@types/express": "*"
      }
    },
    "../../node_modules/.pnpm/bcryptjs@3.0.2/node_modules/bcryptjs": {
      "version": "3.0.2",
      "license": "BSD-3-Clause",
      "bin": {
        "bcrypt": "bin/bcrypt"
      },
      "devDependencies": {
        "bcrypt": "^5.1.1",
        "esm2umd": "^0.3.1",
        "prettier": "^3.5.0",
        "typescript": "^5.7.3"
      }
    },
    "../../node_modules/.pnpm/class-transformer@0.5.1/node_modules/class-transformer": {
      "version": "0.5.1",
      "license": "MIT"
    },
    "../../node_modules/.pnpm/class-validator@0.14.1/node_modules/class-validator": {
      "version": "0.14.1",
      "license": "MIT",
      "dependencies": {
        "@types/validator": "^13.11.8",
        "libphonenumber-js": "^1.10.53",
        "validator": "^13.9.0"
      }
    },
    "../../node_modules/.pnpm/passport-jwt@4.0.1/node_modules/passport-jwt": {
      "version": "4.0.1",
      "license": "MIT",
      "dependencies": {
        "jsonwebtoken": "^9.0.0",
        "passport-strategy": "^1.0.0"
      },
      "devDependencies": {
        "chai": "^3.0.0",
        "chai-passport-strategy": "^1.0.0",
        "mocha": "^9.2.1",
        "nyc": "^15.1.0",
        "sinon": "^1.0.0"
      }
    },
    "../../node_modules/.pnpm/passport@0.7.0/node_modules/passport": {
      "version": "0.7.0",
      "license": "MIT",
      "dependencies": {
        "passport-strategy": "1.x.x",
        "pause": "0.0.1",
        "utils-merge": "^1.0.1"
      },
      "devDependencies": {
        "chai": "2.x.x",
        "chai-connect-middleware": "0.3.x",
        "chai-passport-strategy": "0.2.x",
        "make-node": "0.3.x",
        "mocha": "2.x.x",
        "proxyquire": "1.4.x"
      },
      "engines": {
        "node": ">= 0.4.0"
      },
      "funding": {
        "type": "github",
        "url": "https://github.com/sponsors/jaredhanson"
      }
    },
    "../../node_modules/.pnpm/prisma@5.22.0/node_modules/prisma": {
      "version": "5.22.0",
      "hasInstallScript": true,
      "license": "Apache-2.0",
      "dependencies": {
        "@prisma/engines": "5.22.0"
      },
      "bin": {
        "prisma": "build/index.js"
      },
      "devDependencies": {
        "@prisma/client": "5.22.0",
        "@prisma/debug": "5.22.0",
        "@prisma/fetch-engine": "5.22.0",
        "@prisma/generator-helper": "5.22.0",
        "@prisma/get-platform": "5.22.0",
        "@prisma/internals": "5.22.0",
        "@prisma/migrate": "5.22.0",
        "@prisma/mini-proxy": "0.9.5",
        "@prisma/studio": "0.503.0",
        "@prisma/studio-server": "0.503.0",
        "@swc/core": "1.6.13",
        "@swc/jest": "0.2.36",
        "@types/debug": "4.1.12",
        "@types/fs-extra": "9.0.13",
        "@types/jest": "29.5.12",
        "@types/node": "18.19.31",
        "@types/rimraf": "3.0.2",
        "async-listen": "3.0.1",
        "checkpoint-client": "1.1.33",
        "chokidar": "3.6.0",
        "debug": "4.3.6",
        "dotenv": "16.0.3",
        "esbuild": "0.23.0",
        "execa": "5.1.1",
        "fast-glob": "3.3.2",
        "fs-extra": "11.1.1",
        "fs-jetpack": "5.1.0",
        "get-port": "5.1.1",
        "global-dirs": "4.0.0",
        "jest": "29.7.0",
        "jest-junit": "16.0.0",
        "kleur": "4.1.5",
        "line-replace": "2.0.1",
        "log-update": "4.0.0",
        "node-fetch": "3.3.2",
        "npm-packlist": "5.1.3",
        "open": "7.4.2",
        "pkg-up": "3.1.0",
        "resolve-pkg": "2.0.0",
        "rimraf": "3.0.2",
        "strip-ansi": "6.0.1",
        "ts-pattern": "5.2.0",
        "typescript": "5.4.5",
        "xdg-app-paths": "8.3.0",
        "zx": "7.2.3"
      },
      "engines": {
        "node": ">=16.13"
      },
      "optionalDependencies": {
        "fsevents": "2.3.3"
      }
    },
    "../../node_modules/.pnpm/rimraf@5.0.10/node_modules/rimraf": {
      "version": "5.0.10",
      "dev": true,
      "license": "ISC",
      "dependencies": {
        "glob": "^10.3.7"
      },
      "bin": {
        "rimraf": "dist/esm/bin.mjs"
      },
      "devDependencies": {
        "@types/node": "^20.12.11",
        "mkdirp": "^3.0.1",
        "prettier": "^3.2.5",
        "tap": "^19.0.1",
        "tshy": "^1.14.0",
        "typedoc": "^0.25.13",
        "typescript": "^5.4.5"
      },
      "funding": {
        "url": "https://github.com/sponsors/isaacs"
      }
    },
    "../../node_modules/.pnpm/ts-loader@9.5.2_typescript@5.8.2_webpack@5.98.0_@swc+core@1.11.11_/node_modules/ts-loader": {
      "version": "9.5.2",
      "dev": true,
      "license": "MIT",
      "dependencies": {
        "chalk": "^4.1.0",
        "enhanced-resolve": "^5.0.0",
        "micromatch": "^4.0.0",
        "semver": "^7.3.4",
        "source-map": "^0.7.4"
      },
      "devDependencies": {
        "@types/micromatch": "^4.0.0",
        "@types/node": "*",
        "@types/semver": "^7.3.4",
        "@typescript-eslint/eslint-plugin": "^6.0.0",
        "@typescript-eslint/parser": "^6.0.0",
        "babel": "^6.0.0",
        "babel-core": "^6.0.0",
        "babel-loader": "^7.0.0",
        "babel-polyfill": "^6.16.0",
        "babel-preset-es2015": "^6.0.0",
        "babel-preset-es2016": "^6.16.0",
        "babel-preset-react": "^6.0.0",
        "escape-string-regexp": "^2.0.0",
        "eslint": "^8.0.0",
        "eslint-config-prettier": "^8.0.0",
        "eslint-plugin-node": "^11.1.0",
        "eslint-plugin-prettier": "^4.0.0",
        "fs-extra": "^11.0.0",
        "glob": "^7.1.1",
        "husky": "^8.0.0",
        "jasmine-core": "^4.0.0",
        "karma": "^6.0.0",
        "karma-chrome-launcher": "^3.1.0",
        "karma-jasmine": "^4.0.0",
        "karma-mocha-reporter": "^2.0.0",
        "karma-sourcemap-loader": "^0.4.0",
        "karma-webpack": "^5.0.0",
        "lint-staged": "^8.0.0",
        "markdown-toc": "^1.2.0",
        "mkdirp": "^0.5.1",
        "mocha": "^6.0.0",
        "prettier": "^2.0.5",
        "rimraf": "^2.6.2",
        "typescript": "^5.7.2",
        "webpack": "^5.74.0",
        "webpack-cli": "^4.10.0"
      },
      "engines": {
        "node": ">=12.0.0"
      },
      "peerDependencies": {
        "typescript": "*",
        "webpack": "^5.0.0"
      }
    },
    "../../node_modules/.pnpm/typescript@5.8.2/node_modules/typescript": {
      "version": "5.8.2",
      "dev": true,
      "license": "Apache-2.0",
      "bin": {
        "tsc": "bin/tsc",
        "tsserver": "bin/tsserver"
      },
      "devDependencies": {
        "@dprint/formatter": "^0.4.1",
        "@dprint/typescript": "0.93.3",
        "@esfx/canceltoken": "^1.0.0",
        "@eslint/js": "^9.17.0",
        "@octokit/rest": "^21.0.2",
        "@types/chai": "^4.3.20",
        "@types/diff": "^5.2.3",
        "@types/minimist": "^1.2.5",
        "@types/mocha": "^10.0.10",
        "@types/ms": "^0.7.34",
        "@types/node": "latest",
        "@types/source-map-support": "^0.5.10",
        "@types/which": "^3.0.4",
        "@typescript-eslint/rule-tester": "^8.18.1",
        "@typescript-eslint/type-utils": "^8.18.1",
        "@typescript-eslint/utils": "^8.18.1",
        "azure-devops-node-api": "^14.1.0",
        "c8": "^10.1.3",
        "chai": "^4.5.0",
        "chalk": "^4.1.2",
        "chokidar": "^3.6.0",
        "diff": "^5.2.0",
        "dprint": "^0.47.6",
        "esbuild": "^0.24.0",
        "eslint": "^9.17.0",
        "eslint-formatter-autolinkable-stylish": "^1.4.0",
        "eslint-plugin-regexp": "^2.7.0",
        "fast-xml-parser": "^4.5.1",
        "glob": "^10.4.5",
        "globals": "^15.13.0",
        "hereby": "^1.10.0",
        "jsonc-parser": "^3.3.1",
        "knip": "^5.41.0",
        "minimist": "^1.2.8",
        "mocha": "^10.8.2",
        "mocha-fivemat-progress-reporter": "^0.1.0",
        "monocart-coverage-reports": "^2.11.4",
        "ms": "^2.1.3",
        "playwright": "^1.49.1",
        "source-map-support": "^0.5.21",
        "tslib": "^2.8.1",
        "typescript": "^5.7.2",
        "typescript-eslint": "^8.18.1",
        "which": "^3.0.1"
      },
      "engines": {
        "node": ">=14.17"
      }
    },
    "../../node_modules/.pnpm/webpack@5.98.0_@swc+core@1.11.11/node_modules/webpack": {
      "version": "5.98.0",
      "dev": true,
      "license": "MIT",
      "dependencies": {
        "@types/eslint-scope": "^3.7.7",
        "@types/estree": "^1.0.6",
        "@webassemblyjs/ast": "^1.14.1",
        "@webassemblyjs/wasm-edit": "^1.14.1",
        "@webassemblyjs/wasm-parser": "^1.14.1",
        "acorn": "^8.14.0",
        "browserslist": "^4.24.0",
        "chrome-trace-event": "^1.0.2",
        "enhanced-resolve": "^5.17.1",
        "es-module-lexer": "^1.2.1",
        "eslint-scope": "5.1.1",
        "events": "^3.2.0",
        "glob-to-regexp": "^0.4.1",
        "graceful-fs": "^4.2.11",
        "json-parse-even-better-errors": "^2.3.1",
        "loader-runner": "^4.2.0",
        "mime-types": "^2.1.27",
        "neo-async": "^2.6.2",
        "schema-utils": "^4.3.0",
        "tapable": "^2.1.1",
        "terser-webpack-plugin": "^5.3.11",
        "watchpack": "^2.4.1",
        "webpack-sources": "^3.2.3"
      },
      "bin": {
        "webpack": "bin/webpack.js"
      },
      "devDependencies": {
        "@babel/core": "^7.26.8",
        "@babel/preset-react": "^7.25.7",
        "@eslint/js": "^9.20.0",
        "@stylistic/eslint-plugin": "^3.1.0",
        "@types/glob-to-regexp": "^0.4.4",
        "@types/jest": "^29.5.11",
        "@types/mime-types": "^2.1.4",
        "@types/node": "^22.0.0",
        "assemblyscript": "^0.27.34",
        "babel-loader": "^9.1.3",
        "benchmark": "^2.1.4",
        "bundle-loader": "^0.5.6",
        "coffee-loader": "^5.0.0",
        "coffeescript": "^2.5.1",
        "core-js": "^3.6.5",
        "cspell": "^8.8.4",
        "css-loader": "^7.1.2",
        "date-fns": "^4.0.0",
        "es5-ext": "^0.10.53",
        "es6-promise-polyfill": "^1.2.0",
        "eslint": "^9.20.0",
        "eslint-config-prettier": "^10.0.1",
        "eslint-plugin-jest": "^28.6.0",
        "eslint-plugin-jsdoc": "^48.10.1",
        "eslint-plugin-n": "^17.11.1",
        "eslint-plugin-prettier": "^5.1.3",
        "eslint-plugin-unicorn": "^56.0.0",
        "file-loader": "^6.0.0",
        "fork-ts-checker-webpack-plugin": "^9.0.2",
        "globals": "^15.4.0",
        "hash-wasm": "^4.9.0",
        "husky": "^9.0.11",
        "istanbul": "^0.4.5",
        "jest": "^29.7.0",
        "jest-circus": "^29.7.0",
        "jest-cli": "^29.7.0",
        "jest-diff": "^29.7.0",
        "jest-environment-node": "^29.7.0",
        "jest-junit": "^16.0.0",
        "json-loader": "^0.5.7",
        "json5": "^2.1.3",
        "less": "^4.0.0",
        "less-loader": "^12.2.0",
        "lint-staged": "^15.2.5",
        "lodash": "^4.17.19",
        "lodash-es": "^4.17.15",
        "memfs": "^4.14.0",
        "mini-css-extract-plugin": "^2.9.0",
        "mini-svg-data-uri": "^1.2.3",
        "nyc": "^17.1.0",
        "open-cli": "^8.0.0",
        "prettier": "^3.5.0",
        "prettier-2": "npm:prettier@^2",
        "pretty-format": "^29.5.0",
        "pug": "^3.0.3",
        "pug-loader": "^2.4.0",
        "raw-loader": "^4.0.1",
        "react": "^19.0.0",
        "react-dom": "^19.0.0",
        "rimraf": "^3.0.2",
        "script-loader": "^0.7.2",
        "simple-git": "^3.27.0",
        "strip-ansi": "^6.0.0",
        "style-loader": "^4.0.0",
        "terser": "^5.38.1",
        "toml": "^3.0.0",
        "tooling": "webpack/tooling#v1.23.5",
        "ts-loader": "^9.5.1",
        "typescript": "^5.7.3",
        "url-loader": "^4.1.0",
        "wast-loader": "^1.12.1",
        "webassembly-feature": "1.3.0",
        "webpack-cli": "^6.0.1",
        "xxhashjs": "^0.2.2",
        "yamljs": "^0.3.0",
        "yarn-deduplicate": "^6.0.1"
      },
      "engines": {
        "node": ">=10.13.0"
      },
      "funding": {
        "type": "opencollective",
        "url": "https://opencollective.com/webpack"
      },
      "peerDependenciesMeta": {
        "webpack-cli": {
          "optional": true
        }
      }
    },
    "node_modules/@nestjs/cli": {
      "resolved": "../../node_modules/.pnpm/@nestjs+cli@10.4.9_@swc+cli@0.1.65_@swc+core@1.11.11_chokidar@3.6.0__@swc+core@1.11.11/node_modules/@nestjs/cli",
      "link": true
    },
    "node_modules/@nestjs/common": {
      "resolved": "../../node_modules/.pnpm/@nestjs+common@10.4.15_class-transformer@0.5.1_class-validator@0.14.1_reflect-metadata@0.2.2_rxjs@7.8.2/node_modules/@nestjs/common",
      "link": true
    },
    "node_modules/@nestjs/config": {
      "resolved": "../../node_modules/.pnpm/@nestjs+config@4.0.1_@nestjs+common@10.4.15_class-transformer@0.5.1_class-validator@0.1_0c1a34f48edc954327c420bdb415dbac/node_modules/@nestjs/config",
      "link": true
    },
    "node_modules/@nestjs/core": {
      "resolved": "../../node_modules/.pnpm/@nestjs+core@10.4.15_@nestjs+common@10.4.15_class-transformer@0.5.1_class-validator@0.1_011a9ec72238b07ee313dfe9e2759191/node_modules/@nestjs/core",
      "link": true
    },
    "node_modules/@nestjs/jwt": {
      "resolved": "../../node_modules/.pnpm/@nestjs+jwt@11.0.0_@nestjs+common@10.4.15_class-transformer@0.5.1_class-validator@0.14._54ce83eccb723fe98a8ae808ff23db51/node_modules/@nestjs/jwt",
      "link": true
    },
    "node_modules/@nestjs/passport": {
      "resolved": "../../node_modules/.pnpm/@nestjs+passport@10.0.3_@nestjs+common@10.4.15_class-transformer@0.5.1_class-validator@_1c1d49baaac490b2c0c70cf971c90299/node_modules/@nestjs/passport",
      "link": true
    },
    "node_modules/@nestjs/platform-express": {
      "resolved": "../../node_modules/.pnpm/@nestjs+platform-express@10.4.15_@nestjs+common@10.4.15_class-transformer@0.5.1_class-v_ec975b251ce494a4f18e8493b4820df0/node_modules/@nestjs/platform-express",
      "link": true
    },
    "node_modules/@nestjs/schematics": {
      "resolved": "../../node_modules/.pnpm/@nestjs+schematics@10.2.3_chokidar@3.6.0_typescript@5.8.2/node_modules/@nestjs/schematics",
      "link": true
    },
    "node_modules/@nestjs/swagger": {
      "resolved": "../../node_modules/.pnpm/@nestjs+swagger@7.4.2_@nestjs+common@10.4.15_class-transformer@0.5.1_class-validator@0._e7eb8ce6fe523dd1ec1dd1d9aa3ad104/node_modules/@nestjs/swagger",
      "link": true
    },
    "node_modules/@prisma/client": {
      "resolved": "../../node_modules/.pnpm/@prisma+client@5.22.0_prisma@5.22.0/node_modules/@prisma/client",
      "link": true
    },
    "node_modules/@swc/cli": {
      "resolved": "../../node_modules/.pnpm/@swc+cli@0.1.65_@swc+core@1.11.11_chokidar@3.6.0/node_modules/@swc/cli",
      "link": true
    },
    "node_modules/@swc/core": {
      "resolved": "../../node_modules/.pnpm/@swc+core@1.11.11/node_modules/@swc/core",
      "link": true
    },
    "node_modules/@types/bcryptjs": {
      "resolved": "../../node_modules/.pnpm/@types+bcryptjs@3.0.0/node_modules/@types/bcryptjs",
      "link": true
    },
    "node_modules/@types/express": {
      "resolved": "../../node_modules/.pnpm/@types+express@4.17.21/node_modules/@types/express",
      "link": true
    },
    "node_modules/@types/node": {
      "resolved": "../../node_modules/.pnpm/@types+node@20.17.24/node_modules/@types/node",
      "link": true
    },
    "node_modules/@types/passport": {
      "resolved": "../../node_modules/.pnpm/@types+passport@1.0.16/node_modules/@types/passport",
      "link": true
    },
    "node_modules/@types/passport-jwt": {
      "resolved": "../../node_modules/.pnpm/@types+passport-jwt@4.0.1/node_modules/@types/passport-jwt",
      "link": true
    },
    "node_modules/bcryptjs": {
      "resolved": "../../node_modules/.pnpm/bcryptjs@3.0.2/node_modules/bcryptjs",
      "link": true
    },
    "node_modules/class-transformer": {
      "resolved": "../../node_modules/.pnpm/class-transformer@0.5.1/node_modules/class-transformer",
      "link": true
    },
    "node_modules/class-validator": {
      "resolved": "../../node_modules/.pnpm/class-validator@0.14.1/node_modules/class-validator",
      "link": true
    },
    "node_modules/passport": {
      "resolved": "../../node_modules/.pnpm/passport@0.7.0/node_modules/passport",
      "link": true
    },
    "node_modules/passport-jwt": {
      "resolved": "../../node_modules/.pnpm/passport-jwt@4.0.1/node_modules/passport-jwt",
      "link": true
    },
    "node_modules/prisma": {
      "resolved": "../../node_modules/.pnpm/prisma@5.22.0/node_modules/prisma",
      "link": true
    },
    "node_modules/rimraf": {
      "resolved": "../../node_modules/.pnpm/rimraf@5.0.10/node_modules/rimraf",
      "link": true
    },
    "node_modules/ts-loader": {
      "resolved": "../../node_modules/.pnpm/ts-loader@9.5.2_typescript@5.8.2_webpack@5.98.0_@swc+core@1.11.11_/node_modules/ts-loader",
      "link": true
    },
    "node_modules/typescript": {
      "resolved": "../../node_modules/.pnpm/typescript@5.8.2/node_modules/typescript",
      "link": true
    },
    "node_modules/webpack": {
      "resolved": "../../node_modules/.pnpm/webpack@5.98.0_@swc+core@1.11.11/node_modules/webpack",
      "link": true
    }
  }
}
